
Microsoft Visual Studio Solution File, Format Version 12.00
# Visual Studio Version 17
VisualStudioVersion = 17.13.35818.85 d17.13
MinimumVisualStudioVersion = 10.0.40219.1
Project("{FAE04EC0-301F-11D3-BF4B-00C04F79EFBC}") = "GFI.Api", "src\GFI.Backend\GFI.Api\GFI.Api.csproj", "{99C9B30C-0E14-AF68-7D1D-A7773984C0EA}"
EndProject
Project("{FAE04EC0-301F-11D3-BF4B-00C04F79EFBC}") = "GFI.Application", "src\GFI.Backend\GFI.Application\GFI.Application.csproj", "{D48B20E4-FF8E-34C9-3EE2-5051A9612CC4}"
EndProject
Project("{FAE04EC0-301F-11D3-BF4B-00C04F79EFBC}") = "GFI.Domain", "src\GFI.Backend\GFI.Domain\GFI.Domain.csproj", "{B46847A5-1D8D-6417-E418-AD2C447A2AFC}"
EndProject
Project("{FAE04EC0-301F-11D3-BF4B-00C04F79EFBC}") = "GFI.Infrastructure", "src\GFI.Backend\GFI.Infrastructure\GFI.Infrastructure.csproj", "{EC8FC1A2-860D-43CE-4D10-70DE354637FB}"
EndProject
Global
	GlobalSection(SolutionConfigurationPlatforms) = preSolution
		Debug|Any CPU = Debug|Any CPU
		Release|Any CPU = Release|Any CPU
	EndGlobalSection
	GlobalSection(ProjectConfigurationPlatforms) = postSolution
		{99C9B30C-0E14-AF68-7D1D-A7773984C0EA}.Debug|Any CPU.ActiveCfg = Debug|Any CPU
		{99C9B30C-0E14-AF68-7D1D-A7773984C0EA}.Debug|Any CPU.Build.0 = Debug|Any CPU
		{99C9B30C-0E14-AF68-7D1D-A7773984C0EA}.Release|Any CPU.ActiveCfg = Release|Any CPU
		{99C9B30C-0E14-AF68-7D1D-A7773984C0EA}.Release|Any CPU.Build.0 = Release|Any CPU
		{D48B20E4-FF8E-34C9-3EE2-5051A9612CC4}.Debug|Any CPU.ActiveCfg = Debug|Any CPU
		{D48B20E4-FF8E-34C9-3EE2-5051A9612CC4}.Debug|Any CPU.Build.0 = Debug|Any CPU
		{D48B20E4-FF8E-34C9-3EE2-5051A9612CC4}.Release|Any CPU.ActiveCfg = Release|Any CPU
		{D48B20E4-FF8E-34C9-3EE2-5051A9612CC4}.Release|Any CPU.Build.0 = Release|Any CPU
		{B46847A5-1D8D-6417-E418-AD2C447A2AFC}.Debug|Any CPU.ActiveCfg = Debug|Any CPU
		{B46847A5-1D8D-6417-E418-AD2C447A2AFC}.Debug|Any CPU.Build.0 = Debug|Any CPU
		{B46847A5-1D8D-6417-E418-AD2C447A2AFC}.Release|Any CPU.ActiveCfg = Release|Any CPU
		{B46847A5-1D8D-6417-E418-AD2C447A2AFC}.Release|Any CPU.Build.0 = Release|Any CPU
		{EC8FC1A2-860D-43CE-4D10-70DE354637FB}.Debug|Any CPU.ActiveCfg = Debug|Any CPU
		{EC8FC1A2-860D-43CE-4D10-70DE354637FB}.Debug|Any CPU.Build.0 = Debug|Any CPU
		{EC8FC1A2-860D-43CE-4D10-70DE354637FB}.Release|Any CPU.ActiveCfg = Release|Any CPU
		{EC8FC1A2-860D-43CE-4D10-70DE354637FB}.Release|Any CPU.Build.0 = Release|Any CPU
	EndGlobalSection
	GlobalSection(SolutionProperties) = preSolution
		HideSolutionNode = FALSE
	EndGlobalSection
	GlobalSection(ExtensibilityGlobals) = postSolution
		SolutionGuid = {260EC0EC-4B2D-4CDB-B749-5FCD32D46A07}
	EndGlobalSection
EndGlobal
